// !$*UTF8*$!
{
	archiveVersion = 1;
	classes = {
	};
	objectVersion = 46;
	objects = {

/* Begin PBXBuildFile section */
		16B9CAFF1D71C36D002D5ABA /* main.m in Sources */ = {isa = PBXBuildFile; fileRef = 16B9CAFE1D71C36D002D5ABA /* main.m */; };
		16B9CB021D71C36D002D5ABA /* AppDelegate.m in Sources */ = {isa = PBXBuildFile; fileRef = 16B9CB011D71C36D002D5ABA /* AppDelegate.m */; };
		16B9CB051D71C36D002D5ABA /* Start.m in Sources */ = {isa = PBXBuildFile; fileRef = 16B9CB041D71C36D002D5ABA /* Start.m */; };
		16B9CB081D71C36D002D5ABA /* Main.storyboard in Resources */ = {isa = PBXBuildFile; fileRef = 16B9CB061D71C36D002D5ABA /* Main.storyboard */; };
		16B9CB0A1D71C36D002D5ABA /* Assets.xcassets in Resources */ = {isa = PBXBuildFile; fileRef = 16B9CB091D71C36D002D5ABA /* Assets.xcassets */; };
		16B9CB0D1D71C36D002D5ABA /* LaunchScreen.storyboard in Resources */ = {isa = PBXBuildFile; fileRef = 16B9CB0B1D71C36D002D5ABA /* LaunchScreen.storyboard */; };
		16B9CB181D71C36D002D5ABA /* ExamenCMTests.m in Sources */ = {isa = PBXBuildFile; fileRef = 16B9CB171D71C36D002D5ABA /* ExamenCMTests.m */; };
		16B9CB231D71C36D002D5ABA /* ExamenCMUITests.m in Sources */ = {isa = PBXBuildFile; fileRef = 16B9CB221D71C36D002D5ABA /* ExamenCMUITests.m */; };
		16B9CB351D71C495002D5ABA /* PodFile in Resources */ = {isa = PBXBuildFile; fileRef = 16B9CB341D71C495002D5ABA /* PodFile */; };
		16B9CB3D1D71CF28002D5ABA /* map.png in Resources */ = {isa = PBXBuildFile; fileRef = 16B9CB3B1D71CF28002D5ABA /* map.png */; };
		16B9CB3E1D71CF28002D5ABA /* shop.png in Resources */ = {isa = PBXBuildFile; fileRef = 16B9CB3C1D71CF28002D5ABA /* shop.png */; };
		16B9CB731D71DC84002D5ABA /* NSObject+SBJson.m in Sources */ = {isa = PBXBuildFile; fileRef = 16B9CB411D71DC84002D5ABA /* NSObject+SBJson.m */; };
		16B9CB741D71DC84002D5ABA /* SBJsonParser.m in Sources */ = {isa = PBXBuildFile; fileRef = 16B9CB441D71DC84002D5ABA /* SBJsonParser.m */; };
		16B9CB751D71DC84002D5ABA /* SBJsonStreamParser.m in Sources */ = {isa = PBXBuildFile; fileRef = 16B9CB461D71DC84002D5ABA /* SBJsonStreamParser.m */; };
		16B9CB761D71DC84002D5ABA /* SBJsonStreamParserAccumulator.m in Sources */ = {isa = PBXBuildFile; fileRef = 16B9CB481D71DC84002D5ABA /* SBJsonStreamParserAccumulator.m */; };
		16B9CB771D71DC84002D5ABA /* SBJsonStreamParserAdapter.m in Sources */ = {isa = PBXBuildFile; fileRef = 16B9CB4A1D71DC84002D5ABA /* SBJsonStreamParserAdapter.m */; };
		16B9CB781D71DC84002D5ABA /* SBJsonStreamParserState.m in Sources */ = {isa = PBXBuildFile; fileRef = 16B9CB4C1D71DC84002D5ABA /* SBJsonStreamParserState.m */; };
		16B9CB791D71DC84002D5ABA /* SBJsonStreamWriter.m in Sources */ = {isa = PBXBuildFile; fileRef = 16B9CB4E1D71DC84002D5ABA /* SBJsonStreamWriter.m */; };
		16B9CB7A1D71DC84002D5ABA /* SBJsonStreamWriterAccumulator.m in Sources */ = {isa = PBXBuildFile; fileRef = 16B9CB501D71DC84002D5ABA /* SBJsonStreamWriterAccumulator.m */; };
		16B9CB7B1D71DC84002D5ABA /* SBJsonStreamWriterState.m in Sources */ = {isa = PBXBuildFile; fileRef = 16B9CB521D71DC84002D5ABA /* SBJsonStreamWriterState.m */; };
		16B9CB7C1D71DC84002D5ABA /* SBJsonTokeniser.m in Sources */ = {isa = PBXBuildFile; fileRef = 16B9CB541D71DC84002D5ABA /* SBJsonTokeniser.m */; };
		16B9CB7D1D71DC84002D5ABA /* SBJsonUTF8Stream.m in Sources */ = {isa = PBXBuildFile; fileRef = 16B9CB561D71DC84002D5ABA /* SBJsonUTF8Stream.m */; };
		16B9CB7E1D71DC84002D5ABA /* SBJsonWriter.m in Sources */ = {isa = PBXBuildFile; fileRef = 16B9CB581D71DC84002D5ABA /* SBJsonWriter.m */; };
		16B9CB7F1D71DC84002D5ABA /* NSDictionary+ObjectMapper.m in Sources */ = {isa = PBXBuildFile; fileRef = 16B9CB5C1D71DC84002D5ABA /* NSDictionary+ObjectMapper.m */; };
		16B9CB801D71DC84002D5ABA /* NSObject+ObjectMapper.m in Sources */ = {isa = PBXBuildFile; fileRef = 16B9CB5E1D71DC84002D5ABA /* NSObject+ObjectMapper.m */; };
		16B9CB811D71DC85002D5ABA /* ManagedObjectInstanceProvider.m in Sources */ = {isa = PBXBuildFile; fileRef = 16B9CB621D71DC84002D5ABA /* ManagedObjectInstanceProvider.m */; };
		16B9CB821D71DC85002D5ABA /* ObjectInstanceProvider.m in Sources */ = {isa = PBXBuildFile; fileRef = 16B9CB641D71DC84002D5ABA /* ObjectInstanceProvider.m */; };
		16B9CB831D71DC85002D5ABA /* CommonLoggingProvider.m in Sources */ = {isa = PBXBuildFile; fileRef = 16B9CB671D71DC84002D5ABA /* CommonLoggingProvider.m */; };
		16B9CB841D71DC85002D5ABA /* InCodeMappingProvider.m in Sources */ = {isa = PBXBuildFile; fileRef = 16B9CB6C1D71DC84002D5ABA /* InCodeMappingProvider.m */; };
		16B9CB851D71DC85002D5ABA /* ObjectMapper.m in Sources */ = {isa = PBXBuildFile; fileRef = 16B9CB6F1D71DC84002D5ABA /* ObjectMapper.m */; };
		16B9CB861D71DC85002D5ABA /* ObjectMappingInfo.m in Sources */ = {isa = PBXBuildFile; fileRef = 16B9CB711D71DC84002D5ABA /* ObjectMappingInfo.m */; };
		16B9CB8A1D71DDFD002D5ABA /* Declarations.m in Sources */ = {isa = PBXBuildFile; fileRef = 16B9CB891D71DDFD002D5ABA /* Declarations.m */; };
		16B9CB8D1D71DE0C002D5ABA /* WebServices.m in Sources */ = {isa = PBXBuildFile; fileRef = 16B9CB8C1D71DE0C002D5ABA /* WebServices.m */; };
		16B9CB901D71DE1A002D5ABA /* Parser.m in Sources */ = {isa = PBXBuildFile; fileRef = 16B9CB8F1D71DE1A002D5ABA /* Parser.m */; };
		16B9CB931D71DE3B002D5ABA /* OCMapperConfig.m in Sources */ = {isa = PBXBuildFile; fileRef = 16B9CB921D71DE3B002D5ABA /* OCMapperConfig.m */; };
		16B9CB971D71E625002D5ABA /* ObjectResponse.m in Sources */ = {isa = PBXBuildFile; fileRef = 16B9CB961D71E625002D5ABA /* ObjectResponse.m */; };
		16B9CB9A1D71E68C002D5ABA /* Coord.m in Sources */ = {isa = PBXBuildFile; fileRef = 16B9CB991D71E68C002D5ABA /* Coord.m */; };
		16B9CB9E1D71E6C8002D5ABA /* MainObject.m in Sources */ = {isa = PBXBuildFile; fileRef = 16B9CB9D1D71E6C8002D5ABA /* MainObject.m */; };
		16B9CBA11D71F2AD002D5ABA /* Pais.m in Sources */ = {isa = PBXBuildFile; fileRef = 16B9CBA01D71F2AD002D5ABA /* Pais.m */; };
		16F9D5D31D724A3400767FC9 /* cellHome.m in Sources */ = {isa = PBXBuildFile; fileRef = 16F9D5D11D724A3400767FC9 /* cellHome.m */; };
		16F9D5D41D724A3400767FC9 /* cellHome.xib in Resources */ = {isa = PBXBuildFile; fileRef = 16F9D5D21D724A3400767FC9 /* cellHome.xib */; };
		16F9D5E41D72508700767FC9 /* MainShop.m in Sources */ = {isa = PBXBuildFile; fileRef = 16F9D5E31D72508700767FC9 /* MainShop.m */; };
		16F9D5E71D73255C00767FC9 /* ShopDetails.m in Sources */ = {isa = PBXBuildFile; fileRef = 16F9D5E61D73255C00767FC9 /* ShopDetails.m */; };
		16F9D5ED1D73270700767FC9 /* cam.jpg in Resources */ = {isa = PBXBuildFile; fileRef = 16F9D5E81D73270700767FC9 /* cam.jpg */; };
		16F9D5EE1D73270700767FC9 /* cham.jpg in Resources */ = {isa = PBXBuildFile; fileRef = 16F9D5E91D73270700767FC9 /* cham.jpg */; };
		16F9D5EF1D73270700767FC9 /* col.jpg in Resources */ = {isa = PBXBuildFile; fileRef = 16F9D5EA1D73270700767FC9 /* col.jpg */; };
		16F9D5F01D73270700767FC9 /* pant.jpg in Resources */ = {isa = PBXBuildFile; fileRef = 16F9D5EB1D73270700767FC9 /* pant.jpg */; };
		16F9D5F11D73270700767FC9 /* zap.jpg in Resources */ = {isa = PBXBuildFile; fileRef = 16F9D5EC1D73270700767FC9 /* zap.jpg */; };
		16FD14221D71F93100DEC492 /* Wheather.m in Sources */ = {isa = PBXBuildFile; fileRef = 16FD14211D71F93100DEC492 /* Wheather.m */; };
		16FD14241D71FBB300DEC492 /* weathericon.png in Resources */ = {isa = PBXBuildFile; fileRef = 16FD14231D71FBB300DEC492 /* weathericon.png */; };
		16FD14261D71FD1600DEC492 /* clima.png in Resources */ = {isa = PBXBuildFile; fileRef = 16FD14251D71FD1600DEC492 /* clima.png */; };
		86D6A0DA4D6722C5A391C123 /* Pods_ExamenCM.framework in Frameworks */ = {isa = PBXBuildFile; fileRef = B70B14993DB7B45AD9E7A72B /* Pods_ExamenCM.framework */; };
/* End PBXBuildFile section */

/* Begin PBXContainerItemProxy section */
		16B9CB141D71C36D002D5ABA /* PBXContainerItemProxy */ = {
			isa = PBXContainerItemProxy;
			containerPortal = 16B9CAF21D71C36D002D5ABA /* Project object */;
			proxyType = 1;
			remoteGlobalIDString = 16B9CAF91D71C36D002D5ABA;
			remoteInfo = ExamenCM;
		};
		16B9CB1F1D71C36D002D5ABA /* PBXContainerItemProxy */ = {
			isa = PBXContainerItemProxy;
			containerPortal = 16B9CAF21D71C36D002D5ABA /* Project object */;
			proxyType = 1;
			remoteGlobalIDString = 16B9CAF91D71C36D002D5ABA;
			remoteInfo = ExamenCM;
		};
/* End PBXContainerItemProxy section */

/* Begin PBXFileReference section */
		16B9CAFA1D71C36D002D5ABA /* ExamenCM.app */ = {isa = PBXFileReference; explicitFileType = wrapper.application; includeInIndex = 0; path = ExamenCM.app; sourceTree = BUILT_PRODUCTS_DIR; };
		16B9CAFE1D71C36D002D5ABA /* main.m */ = {isa = PBXFileReference; lastKnownFileType = sourcecode.c.objc; path = main.m; sourceTree = "<group>"; };
		16B9CB001D71C36D002D5ABA /* AppDelegate.h */ = {isa = PBXFileReference; lastKnownFileType = sourcecode.c.h; path = AppDelegate.h; sourceTree = "<group>"; };
		16B9CB011D71C36D002D5ABA /* AppDelegate.m */ = {isa = PBXFileReference; lastKnownFileType = sourcecode.c.objc; path = AppDelegate.m; sourceTree = "<group>"; };
		16B9CB031D71C36D002D5ABA /* Start.h */ = {isa = PBXFileReference; lastKnownFileType = sourcecode.c.h; path = Start.h; sourceTree = "<group>"; };
		16B9CB041D71C36D002D5ABA /* Start.m */ = {isa = PBXFileReference; lastKnownFileType = sourcecode.c.objc; path = Start.m; sourceTree = "<group>"; };
		16B9CB071D71C36D002D5ABA /* Base */ = {isa = PBXFileReference; lastKnownFileType = file.storyboard; name = Base; path = Base.lproj/Main.storyboard; sourceTree = "<group>"; };
		16B9CB091D71C36D002D5ABA /* Assets.xcassets */ = {isa = PBXFileReference; lastKnownFileType = folder.assetcatalog; path = Assets.xcassets; sourceTree = "<group>"; };
		16B9CB0C1D71C36D002D5ABA /* Base */ = {isa = PBXFileReference; lastKnownFileType = file.storyboard; name = Base; path = Base.lproj/LaunchScreen.storyboard; sourceTree = "<group>"; };
		16B9CB0E1D71C36D002D5ABA /* Info.plist */ = {isa = PBXFileReference; lastKnownFileType = text.plist.xml; path = Info.plist; sourceTree = "<group>"; };
		16B9CB131D71C36D002D5ABA /* ExamenCMTests.xctest */ = {isa = PBXFileReference; explicitFileType = wrapper.cfbundle; includeInIndex = 0; path = ExamenCMTests.xctest; sourceTree = BUILT_PRODUCTS_DIR; };
		16B9CB171D71C36D002D5ABA /* ExamenCMTests.m */ = {isa = PBXFileReference; lastKnownFileType = sourcecode.c.objc; path = ExamenCMTests.m; sourceTree = "<group>"; };
		16B9CB191D71C36D002D5ABA /* Info.plist */ = {isa = PBXFileReference; lastKnownFileType = text.plist.xml; path = Info.plist; sourceTree = "<group>"; };
		16B9CB1E1D71C36D002D5ABA /* ExamenCMUITests.xctest */ = {isa = PBXFileReference; explicitFileType = wrapper.cfbundle; includeInIndex = 0; path = ExamenCMUITests.xctest; sourceTree = BUILT_PRODUCTS_DIR; };
		16B9CB221D71C36D002D5ABA /* ExamenCMUITests.m */ = {isa = PBXFileReference; lastKnownFileType = sourcecode.c.objc; path = ExamenCMUITests.m; sourceTree = "<group>"; };
		16B9CB241D71C36D002D5ABA /* Info.plist */ = {isa = PBXFileReference; lastKnownFileType = text.plist.xml; path = Info.plist; sourceTree = "<group>"; };
		16B9CB341D71C495002D5ABA /* PodFile */ = {isa = PBXFileReference; fileEncoding = 4; lastKnownFileType = text; path = PodFile; sourceTree = "<group>"; };
		16B9CB3B1D71CF28002D5ABA /* map.png */ = {isa = PBXFileReference; lastKnownFileType = image.png; path = map.png; sourceTree = "<group>"; };
		16B9CB3C1D71CF28002D5ABA /* shop.png */ = {isa = PBXFileReference; lastKnownFileType = image.png; path = shop.png; sourceTree = "<group>"; };
		16B9CB401D71DC84002D5ABA /* NSObject+SBJson.h */ = {isa = PBXFileReference; fileEncoding = 4; lastKnownFileType = sourcecode.c.h; path = "NSObject+SBJson.h"; sourceTree = "<group>"; };
		16B9CB411D71DC84002D5ABA /* NSObject+SBJson.m */ = {isa = PBXFileReference; fileEncoding = 4; lastKnownFileType = sourcecode.c.objc; path = "NSObject+SBJson.m"; sourceTree = "<group>"; };
		16B9CB421D71DC84002D5ABA /* SBJson.h */ = {isa = PBXFileReference; fileEncoding = 4; lastKnownFileType = sourcecode.c.h; path = SBJson.h; sourceTree = "<group>"; };
		16B9CB431D71DC84002D5ABA /* SBJsonParser.h */ = {isa = PBXFileReference; fileEncoding = 4; lastKnownFileType = sourcecode.c.h; path = SBJsonParser.h; sourceTree = "<group>"; };
		16B9CB441D71DC84002D5ABA /* SBJsonParser.m */ = {isa = PBXFileReference; fileEncoding = 4; lastKnownFileType = sourcecode.c.objc; path = SBJsonParser.m; sourceTree = "<group>"; };
		16B9CB451D71DC84002D5ABA /* SBJsonStreamParser.h */ = {isa = PBXFileReference; fileEncoding = 4; lastKnownFileType = sourcecode.c.h; path = SBJsonStreamParser.h; sourceTree = "<group>"; };
		16B9CB461D71DC84002D5ABA /* SBJsonStreamParser.m */ = {isa = PBXFileReference; fileEncoding = 4; lastKnownFileType = sourcecode.c.objc; path = SBJsonStreamParser.m; sourceTree = "<group>"; };
		16B9CB471D71DC84002D5ABA /* SBJsonStreamParserAccumulator.h */ = {isa = PBXFileReference; fileEncoding = 4; lastKnownFileType = sourcecode.c.h; path = SBJsonStreamParserAccumulator.h; sourceTree = "<group>"; };
		16B9CB481D71DC84002D5ABA /* SBJsonStreamParserAccumulator.m */ = {isa = PBXFileReference; fileEncoding = 4; lastKnownFileType = sourcecode.c.objc; path = SBJsonStreamParserAccumulator.m; sourceTree = "<group>"; };
		16B9CB491D71DC84002D5ABA /* SBJsonStreamParserAdapter.h */ = {isa = PBXFileReference; fileEncoding = 4; lastKnownFileType = sourcecode.c.h; path = SBJsonStreamParserAdapter.h; sourceTree = "<group>"; };
		16B9CB4A1D71DC84002D5ABA /* SBJsonStreamParserAdapter.m */ = {isa = PBXFileReference; fileEncoding = 4; lastKnownFileType = sourcecode.c.objc; path = SBJsonStreamParserAdapter.m; sourceTree = "<group>"; };
		16B9CB4B1D71DC84002D5ABA /* SBJsonStreamParserState.h */ = {isa = PBXFileReference; fileEncoding = 4; lastKnownFileType = sourcecode.c.h; path = SBJsonStreamParserState.h; sourceTree = "<group>"; };
		16B9CB4C1D71DC84002D5ABA /* SBJsonStreamParserState.m */ = {isa = PBXFileReference; fileEncoding = 4; lastKnownFileType = sourcecode.c.objc; path = SBJsonStreamParserState.m; sourceTree = "<group>"; };
		16B9CB4D1D71DC84002D5ABA /* SBJsonStreamWriter.h */ = {isa = PBXFileReference; fileEncoding = 4; lastKnownFileType = sourcecode.c.h; path = SBJsonStreamWriter.h; sourceTree = "<group>"; };
		16B9CB4E1D71DC84002D5ABA /* SBJsonStreamWriter.m */ = {isa = PBXFileReference; fileEncoding = 4; lastKnownFileType = sourcecode.c.objc; path = SBJsonStreamWriter.m; sourceTree = "<group>"; };
		16B9CB4F1D71DC84002D5ABA /* SBJsonStreamWriterAccumulator.h */ = {isa = PBXFileReference; fileEncoding = 4; lastKnownFileType = sourcecode.c.h; path = SBJsonStreamWriterAccumulator.h; sourceTree = "<group>"; };
		16B9CB501D71DC84002D5ABA /* SBJsonStreamWriterAccumulator.m */ = {isa = PBXFileReference; fileEncoding = 4; lastKnownFileType = sourcecode.c.objc; path = SBJsonStreamWriterAccumulator.m; sourceTree = "<group>"; };
		16B9CB511D71DC84002D5ABA /* SBJsonStreamWriterState.h */ = {isa = PBXFileReference; fileEncoding = 4; lastKnownFileType = sourcecode.c.h; path = SBJsonStreamWriterState.h; sourceTree = "<group>"; };
		16B9CB521D71DC84002D5ABA /* SBJsonStreamWriterState.m */ = {isa = PBXFileReference; fileEncoding = 4; lastKnownFileType = sourcecode.c.objc; path = SBJsonStreamWriterState.m; sourceTree = "<group>"; };
		16B9CB531D71DC84002D5ABA /* SBJsonTokeniser.h */ = {isa = PBXFileReference; fileEncoding = 4; lastKnownFileType = sourcecode.c.h; path = SBJsonTokeniser.h; sourceTree = "<group>"; };
		16B9CB541D71DC84002D5ABA /* SBJsonTokeniser.m */ = {isa = PBXFileReference; fileEncoding = 4; lastKnownFileType = sourcecode.c.objc; path = SBJsonTokeniser.m; sourceTree = "<group>"; };
		16B9CB551D71DC84002D5ABA /* SBJsonUTF8Stream.h */ = {isa = PBXFileReference; fileEncoding = 4; lastKnownFileType = sourcecode.c.h; path = SBJsonUTF8Stream.h; sourceTree = "<group>"; };
		16B9CB561D71DC84002D5ABA /* SBJsonUTF8Stream.m */ = {isa = PBXFileReference; fileEncoding = 4; lastKnownFileType = sourcecode.c.objc; path = SBJsonUTF8Stream.m; sourceTree = "<group>"; };
		16B9CB571D71DC84002D5ABA /* SBJsonWriter.h */ = {isa = PBXFileReference; fileEncoding = 4; lastKnownFileType = sourcecode.c.h; path = SBJsonWriter.h; sourceTree = "<group>"; };
		16B9CB581D71DC84002D5ABA /* SBJsonWriter.m */ = {isa = PBXFileReference; fileEncoding = 4; lastKnownFileType = sourcecode.c.objc; path = SBJsonWriter.m; sourceTree = "<group>"; };
		16B9CB5B1D71DC84002D5ABA /* NSDictionary+ObjectMapper.h */ = {isa = PBXFileReference; fileEncoding = 4; lastKnownFileType = sourcecode.c.h; path = "NSDictionary+ObjectMapper.h"; sourceTree = "<group>"; };
		16B9CB5C1D71DC84002D5ABA /* NSDictionary+ObjectMapper.m */ = {isa = PBXFileReference; fileEncoding = 4; lastKnownFileType = sourcecode.c.objc; path = "NSDictionary+ObjectMapper.m"; sourceTree = "<group>"; };
		16B9CB5D1D71DC84002D5ABA /* NSObject+ObjectMapper.h */ = {isa = PBXFileReference; fileEncoding = 4; lastKnownFileType = sourcecode.c.h; path = "NSObject+ObjectMapper.h"; sourceTree = "<group>"; };
		16B9CB5E1D71DC84002D5ABA /* NSObject+ObjectMapper.m */ = {isa = PBXFileReference; fileEncoding = 4; lastKnownFileType = sourcecode.c.objc; path = "NSObject+ObjectMapper.m"; sourceTree = "<group>"; };
		16B9CB601D71DC84002D5ABA /* InstanceProvider.h */ = {isa = PBXFileReference; fileEncoding = 4; lastKnownFileType = sourcecode.c.h; path = InstanceProvider.h; sourceTree = "<group>"; };
		16B9CB611D71DC84002D5ABA /* ManagedObjectInstanceProvider.h */ = {isa = PBXFileReference; fileEncoding = 4; lastKnownFileType = sourcecode.c.h; path = ManagedObjectInstanceProvider.h; sourceTree = "<group>"; };
		16B9CB621D71DC84002D5ABA /* ManagedObjectInstanceProvider.m */ = {isa = PBXFileReference; fileEncoding = 4; lastKnownFileType = sourcecode.c.objc; path = ManagedObjectInstanceProvider.m; sourceTree = "<group>"; };
		16B9CB631D71DC84002D5ABA /* ObjectInstanceProvider.h */ = {isa = PBXFileReference; fileEncoding = 4; lastKnownFileType = sourcecode.c.h; path = ObjectInstanceProvider.h; sourceTree = "<group>"; };
		16B9CB641D71DC84002D5ABA /* ObjectInstanceProvider.m */ = {isa = PBXFileReference; fileEncoding = 4; lastKnownFileType = sourcecode.c.objc; path = ObjectInstanceProvider.m; sourceTree = "<group>"; };
		16B9CB661D71DC84002D5ABA /* CommonLoggingProvider.h */ = {isa = PBXFileReference; fileEncoding = 4; lastKnownFileType = sourcecode.c.h; path = CommonLoggingProvider.h; sourceTree = "<group>"; };
		16B9CB671D71DC84002D5ABA /* CommonLoggingProvider.m */ = {isa = PBXFileReference; fileEncoding = 4; lastKnownFileType = sourcecode.c.objc; path = CommonLoggingProvider.m; sourceTree = "<group>"; };
		16B9CB681D71DC84002D5ABA /* LoggingProvider.h */ = {isa = PBXFileReference; fileEncoding = 4; lastKnownFileType = sourcecode.c.h; path = LoggingProvider.h; sourceTree = "<group>"; };
		16B9CB6B1D71DC84002D5ABA /* InCodeMappingProvider.h */ = {isa = PBXFileReference; fileEncoding = 4; lastKnownFileType = sourcecode.c.h; path = InCodeMappingProvider.h; sourceTree = "<group>"; };
		16B9CB6C1D71DC84002D5ABA /* InCodeMappingProvider.m */ = {isa = PBXFileReference; fileEncoding = 4; lastKnownFileType = sourcecode.c.objc; path = InCodeMappingProvider.m; sourceTree = "<group>"; };
		16B9CB6D1D71DC84002D5ABA /* MappingProvider.h */ = {isa = PBXFileReference; fileEncoding = 4; lastKnownFileType = sourcecode.c.h; path = MappingProvider.h; sourceTree = "<group>"; };
		16B9CB6E1D71DC84002D5ABA /* ObjectMapper.h */ = {isa = PBXFileReference; fileEncoding = 4; lastKnownFileType = sourcecode.c.h; path = ObjectMapper.h; sourceTree = "<group>"; };
		16B9CB6F1D71DC84002D5ABA /* ObjectMapper.m */ = {isa = PBXFileReference; fileEncoding = 4; lastKnownFileType = sourcecode.c.objc; path = ObjectMapper.m; sourceTree = "<group>"; };
		16B9CB701D71DC84002D5ABA /* ObjectMappingInfo.h */ = {isa = PBXFileReference; fileEncoding = 4; lastKnownFileType = sourcecode.c.h; path = ObjectMappingInfo.h; sourceTree = "<group>"; };
		16B9CB711D71DC84002D5ABA /* ObjectMappingInfo.m */ = {isa = PBXFileReference; fileEncoding = 4; lastKnownFileType = sourcecode.c.objc; path = ObjectMappingInfo.m; sourceTree = "<group>"; };
		16B9CB721D71DC84002D5ABA /* OCMapper.h */ = {isa = PBXFileReference; fileEncoding = 4; lastKnownFileType = sourcecode.c.h; path = OCMapper.h; sourceTree = "<group>"; };
		16B9CB881D71DDFD002D5ABA /* Declarations.h */ = {isa = PBXFileReference; fileEncoding = 4; lastKnownFileType = sourcecode.c.h; path = Declarations.h; sourceTree = "<group>"; };
		16B9CB891D71DDFD002D5ABA /* Declarations.m */ = {isa = PBXFileReference; fileEncoding = 4; lastKnownFileType = sourcecode.c.objc; path = Declarations.m; sourceTree = "<group>"; };
		16B9CB8B1D71DE0C002D5ABA /* WebServices.h */ = {isa = PBXFileReference; fileEncoding = 4; lastKnownFileType = sourcecode.c.h; path = WebServices.h; sourceTree = "<group>"; };
		16B9CB8C1D71DE0C002D5ABA /* WebServices.m */ = {isa = PBXFileReference; fileEncoding = 4; lastKnownFileType = sourcecode.c.objc; path = WebServices.m; sourceTree = "<group>"; };
		16B9CB8E1D71DE1A002D5ABA /* Parser.h */ = {isa = PBXFileReference; fileEncoding = 4; lastKnownFileType = sourcecode.c.h; path = Parser.h; sourceTree = "<group>"; };
		16B9CB8F1D71DE1A002D5ABA /* Parser.m */ = {isa = PBXFileReference; fileEncoding = 4; lastKnownFileType = sourcecode.c.objc; path = Parser.m; sourceTree = "<group>"; };
		16B9CB911D71DE3B002D5ABA /* OCMapperConfig.h */ = {isa = PBXFileReference; fileEncoding = 4; lastKnownFileType = sourcecode.c.h; path = OCMapperConfig.h; sourceTree = "<group>"; };
		16B9CB921D71DE3B002D5ABA /* OCMapperConfig.m */ = {isa = PBXFileReference; fileEncoding = 4; lastKnownFileType = sourcecode.c.objc; path = OCMapperConfig.m; sourceTree = "<group>"; };
		16B9CB951D71E625002D5ABA /* ObjectResponse.h */ = {isa = PBXFileReference; fileEncoding = 4; lastKnownFileType = sourcecode.c.h; path = ObjectResponse.h; sourceTree = "<group>"; };
		16B9CB961D71E625002D5ABA /* ObjectResponse.m */ = {isa = PBXFileReference; fileEncoding = 4; lastKnownFileType = sourcecode.c.objc; path = ObjectResponse.m; sourceTree = "<group>"; };
		16B9CB981D71E68C002D5ABA /* Coord.h */ = {isa = PBXFileReference; fileEncoding = 4; lastKnownFileType = sourcecode.c.h; path = Coord.h; sourceTree = "<group>"; };
		16B9CB991D71E68C002D5ABA /* Coord.m */ = {isa = PBXFileReference; fileEncoding = 4; lastKnownFileType = sourcecode.c.objc; path = Coord.m; sourceTree = "<group>"; };
		16B9CB9C1D71E6C8002D5ABA /* MainObject.h */ = {isa = PBXFileReference; fileEncoding = 4; lastKnownFileType = sourcecode.c.h; path = MainObject.h; sourceTree = "<group>"; };
		16B9CB9D1D71E6C8002D5ABA /* MainObject.m */ = {isa = PBXFileReference; fileEncoding = 4; lastKnownFileType = sourcecode.c.objc; path = MainObject.m; sourceTree = "<group>"; };
		16B9CB9F1D71F2AD002D5ABA /* Pais.h */ = {isa = PBXFileReference; fileEncoding = 4; lastKnownFileType = sourcecode.c.h; path = Pais.h; sourceTree = "<group>"; };
		16B9CBA01D71F2AD002D5ABA /* Pais.m */ = {isa = PBXFileReference; fileEncoding = 4; lastKnownFileType = sourcecode.c.objc; path = Pais.m; sourceTree = "<group>"; };
		16F9D5D01D724A3400767FC9 /* cellHome.h */ = {isa = PBXFileReference; fileEncoding = 4; lastKnownFileType = sourcecode.c.h; path = cellHome.h; sourceTree = "<group>"; };
		16F9D5D11D724A3400767FC9 /* cellHome.m */ = {isa = PBXFileReference; fileEncoding = 4; lastKnownFileType = sourcecode.c.objc; path = cellHome.m; sourceTree = "<group>"; };
		16F9D5D21D724A3400767FC9 /* cellHome.xib */ = {isa = PBXFileReference; fileEncoding = 4; lastKnownFileType = file.xib; path = cellHome.xib; sourceTree = "<group>"; };
		16F9D5E21D72508700767FC9 /* MainShop.h */ = {isa = PBXFileReference; fileEncoding = 4; lastKnownFileType = sourcecode.c.h; path = MainShop.h; sourceTree = "<group>"; };
		16F9D5E31D72508700767FC9 /* MainShop.m */ = {isa = PBXFileReference; fileEncoding = 4; lastKnownFileType = sourcecode.c.objc; path = MainShop.m; sourceTree = "<group>"; };
		16F9D5E51D73255C00767FC9 /* ShopDetails.h */ = {isa = PBXFileReference; fileEncoding = 4; lastKnownFileType = sourcecode.c.h; path = ShopDetails.h; sourceTree = "<group>"; };
		16F9D5E61D73255C00767FC9 /* ShopDetails.m */ = {isa = PBXFileReference; fileEncoding = 4; lastKnownFileType = sourcecode.c.objc; path = ShopDetails.m; sourceTree = "<group>"; };
		16F9D5E81D73270700767FC9 /* cam.jpg */ = {isa = PBXFileReference; lastKnownFileType = image.jpeg; path = cam.jpg; sourceTree = "<group>"; };
		16F9D5E91D73270700767FC9 /* cham.jpg */ = {isa = PBXFileReference; lastKnownFileType = image.jpeg; path = cham.jpg; sourceTree = "<group>"; };
		16F9D5EA1D73270700767FC9 /* col.jpg */ = {isa = PBXFileReference; lastKnownFileType = image.jpeg; path = col.jpg; sourceTree = "<group>"; };
		16F9D5EB1D73270700767FC9 /* pant.jpg */ = {isa = PBXFileReference; lastKnownFileType = image.jpeg; path = pant.jpg; sourceTree = "<group>"; };
		16F9D5EC1D73270700767FC9 /* zap.jpg */ = {isa = PBXFileReference; lastKnownFileType = image.jpeg; path = zap.jpg; sourceTree = "<group>"; };
		16FD14201D71F93100DEC492 /* Wheather.h */ = {isa = PBXFileReference; fileEncoding = 4; lastKnownFileType = sourcecode.c.h; path = Wheather.h; sourceTree = "<group>"; };
		16FD14211D71F93100DEC492 /* Wheather.m */ = {isa = PBXFileReference; fileEncoding = 4; lastKnownFileType = sourcecode.c.objc; path = Wheather.m; sourceTree = "<group>"; };
		16FD14231D71FBB300DEC492 /* weathericon.png */ = {isa = PBXFileReference; lastKnownFileType = image.png; path = weathericon.png; sourceTree = "<group>"; };
		16FD14251D71FD1600DEC492 /* clima.png */ = {isa = PBXFileReference; lastKnownFileType = image.png; path = clima.png; sourceTree = "<group>"; };
		41612A68BEB900F880B9187D /* Pods-ExamenCM.release.xcconfig */ = {isa = PBXFileReference; includeInIndex = 1; lastKnownFileType = text.xcconfig; name = "Pods-ExamenCM.release.xcconfig"; path = "Pods/Target Support Files/Pods-ExamenCM/Pods-ExamenCM.release.xcconfig"; sourceTree = "<group>"; };
		B70B14993DB7B45AD9E7A72B /* Pods_ExamenCM.framework */ = {isa = PBXFileReference; explicitFileType = wrapper.framework; includeInIndex = 0; path = Pods_ExamenCM.framework; sourceTree = BUILT_PRODUCTS_DIR; };
		D6FD2F3575EDD303E4E7AD5F /* Pods-ExamenCM.debug.xcconfig */ = {isa = PBXFileReference; includeInIndex = 1; lastKnownFileType = text.xcconfig; name = "Pods-ExamenCM.debug.xcconfig"; path = "Pods/Target Support Files/Pods-ExamenCM/Pods-ExamenCM.debug.xcconfig"; sourceTree = "<group>"; };
/* End PBXFileReference section */

/* Begin PBXFrameworksBuildPhase section */
		16B9CAF71D71C36D002D5ABA /* Frameworks */ = {
			isa = PBXFrameworksBuildPhase;
			buildActionMask = 2147483647;
			files = (
				86D6A0DA4D6722C5A391C123 /* Pods_ExamenCM.framework in Frameworks */,
			);
			runOnlyForDeploymentPostprocessing = 0;
		};
		16B9CB101D71C36D002D5ABA /* Frameworks */ = {
			isa = PBXFrameworksBuildPhase;
			buildActionMask = 2147483647;
			files = (
			);
			runOnlyForDeploymentPostprocessing = 0;
		};
		16B9CB1B1D71C36D002D5ABA /* Frameworks */ = {
			isa = PBXFrameworksBuildPhase;
			buildActionMask = 2147483647;
			files = (
			);
			runOnlyForDeploymentPostprocessing = 0;
		};
/* End PBXFrameworksBuildPhase section */

/* Begin PBXGroup section */
		16B9CAF11D71C36D002D5ABA = {
			isa = PBXGroup;
			children = (
				16B9CAFC1D71C36D002D5ABA /* ExamenCM */,
				16B9CB161D71C36D002D5ABA /* ExamenCMTests */,
				16B9CB211D71C36D002D5ABA /* ExamenCMUITests */,
				16B9CAFB1D71C36D002D5ABA /* Products */,
				C5A96476B4D8C0826AFB10B5 /* Pods */,
				1EA8DABFF307E4CB836E9402 /* Frameworks */,
			);
			sourceTree = "<group>";
		};
		16B9CAFB1D71C36D002D5ABA /* Products */ = {
			isa = PBXGroup;
			children = (
				16B9CAFA1D71C36D002D5ABA /* ExamenCM.app */,
				16B9CB131D71C36D002D5ABA /* ExamenCMTests.xctest */,
				16B9CB1E1D71C36D002D5ABA /* ExamenCMUITests.xctest */,
			);
			name = Products;
			sourceTree = "<group>";
		};
		16B9CAFC1D71C36D002D5ABA /* ExamenCM */ = {
			isa = PBXGroup;
			children = (
				16F9D5C91D7246A100767FC9 /* Cells */,
				16B9CB941D71E608002D5ABA /* Models */,
				16B9CB871D71DCD3002D5ABA /* Classes */,
				16B9CB361D71CD27002D5ABA /* imgs */,
				16B9CB341D71C495002D5ABA /* PodFile */,
				16B9CB301D71C375002D5ABA /* Main */,
				16B9CB311D71C37A002D5ABA /* Controllers */,
				16B9CB061D71C36D002D5ABA /* Main.storyboard */,
				16B9CB091D71C36D002D5ABA /* Assets.xcassets */,
				16B9CB0B1D71C36D002D5ABA /* LaunchScreen.storyboard */,
				16B9CB0E1D71C36D002D5ABA /* Info.plist */,
				16B9CAFD1D71C36D002D5ABA /* Supporting Files */,
			);
			path = ExamenCM;
			sourceTree = "<group>";
		};
		16B9CAFD1D71C36D002D5ABA /* Supporting Files */ = {
			isa = PBXGroup;
			children = (
				16B9CAFE1D71C36D002D5ABA /* main.m */,
			);
			name = "Supporting Files";
			sourceTree = "<group>";
		};
		16B9CB161D71C36D002D5ABA /* ExamenCMTests */ = {
			isa = PBXGroup;
			children = (
				16B9CB171D71C36D002D5ABA /* ExamenCMTests.m */,
				16B9CB191D71C36D002D5ABA /* Info.plist */,
			);
			path = ExamenCMTests;
			sourceTree = "<group>";
		};
		16B9CB211D71C36D002D5ABA /* ExamenCMUITests */ = {
			isa = PBXGroup;
			children = (
				16B9CB221D71C36D002D5ABA /* ExamenCMUITests.m */,
				16B9CB241D71C36D002D5ABA /* Info.plist */,
			);
			path = ExamenCMUITests;
			sourceTree = "<group>";
		};
		16B9CB301D71C375002D5ABA /* Main */ = {
			isa = PBXGroup;
			children = (
				16B9CB921D71DE3B002D5ABA /* OCMapperConfig.m */,
				16B9CB911D71DE3B002D5ABA /* OCMapperConfig.h */,
				16B9CB8B1D71DE0C002D5ABA /* WebServices.h */,
				16B9CB8C1D71DE0C002D5ABA /* WebServices.m */,
				16B9CB881D71DDFD002D5ABA /* Declarations.h */,
				16B9CB891D71DDFD002D5ABA /* Declarations.m */,
				16B9CB8E1D71DE1A002D5ABA /* Parser.h */,
				16B9CB8F1D71DE1A002D5ABA /* Parser.m */,
				16B9CB001D71C36D002D5ABA /* AppDelegate.h */,
				16B9CB011D71C36D002D5ABA /* AppDelegate.m */,
			);
			name = Main;
			sourceTree = "<group>";
		};
		16B9CB311D71C37A002D5ABA /* Controllers */ = {
			isa = PBXGroup;
			children = (
				16B9CB031D71C36D002D5ABA /* Start.h */,
				16B9CB041D71C36D002D5ABA /* Start.m */,
				16FD14201D71F93100DEC492 /* Wheather.h */,
				16FD14211D71F93100DEC492 /* Wheather.m */,
				16F9D5E21D72508700767FC9 /* MainShop.h */,
				16F9D5E31D72508700767FC9 /* MainShop.m */,
				16F9D5E51D73255C00767FC9 /* ShopDetails.h */,
				16F9D5E61D73255C00767FC9 /* ShopDetails.m */,
			);
			name = Controllers;
			sourceTree = "<group>";
		};
		16B9CB361D71CD27002D5ABA /* imgs */ = {
			isa = PBXGroup;
			children = (
				16F9D5E81D73270700767FC9 /* cam.jpg */,
				16F9D5E91D73270700767FC9 /* cham.jpg */,
				16F9D5EA1D73270700767FC9 /* col.jpg */,
				16F9D5EB1D73270700767FC9 /* pant.jpg */,
				16F9D5EC1D73270700767FC9 /* zap.jpg */,
				16FD14251D71FD1600DEC492 /* clima.png */,
				16FD14231D71FBB300DEC492 /* weathericon.png */,
				16B9CB3B1D71CF28002D5ABA /* map.png */,
				16B9CB3C1D71CF28002D5ABA /* shop.png */,
			);
			name = imgs;
			sourceTree = "<group>";
		};
		16B9CB3F1D71DC84002D5ABA /* json */ = {
			isa = PBXGroup;
			children = (
				16B9CB401D71DC84002D5ABA /* NSObject+SBJson.h */,
				16B9CB411D71DC84002D5ABA /* NSObject+SBJson.m */,
				16B9CB421D71DC84002D5ABA /* SBJson.h */,
				16B9CB431D71DC84002D5ABA /* SBJsonParser.h */,
				16B9CB441D71DC84002D5ABA /* SBJsonParser.m */,
				16B9CB451D71DC84002D5ABA /* SBJsonStreamParser.h */,
				16B9CB461D71DC84002D5ABA /* SBJsonStreamParser.m */,
				16B9CB471D71DC84002D5ABA /* SBJsonStreamParserAccumulator.h */,
				16B9CB481D71DC84002D5ABA /* SBJsonStreamParserAccumulator.m */,
				16B9CB491D71DC84002D5ABA /* SBJsonStreamParserAdapter.h */,
				16B9CB4A1D71DC84002D5ABA /* SBJsonStreamParserAdapter.m */,
				16B9CB4B1D71DC84002D5ABA /* SBJsonStreamParserState.h */,
				16B9CB4C1D71DC84002D5ABA /* SBJsonStreamParserState.m */,
				16B9CB4D1D71DC84002D5ABA /* SBJsonStreamWriter.h */,
				16B9CB4E1D71DC84002D5ABA /* SBJsonStreamWriter.m */,
				16B9CB4F1D71DC84002D5ABA /* SBJsonStreamWriterAccumulator.h */,
				16B9CB501D71DC84002D5ABA /* SBJsonStreamWriterAccumulator.m */,
				16B9CB511D71DC84002D5ABA /* SBJsonStreamWriterState.h */,
				16B9CB521D71DC84002D5ABA /* SBJsonStreamWriterState.m */,
				16B9CB531D71DC84002D5ABA /* SBJsonTokeniser.h */,
				16B9CB541D71DC84002D5ABA /* SBJsonTokeniser.m */,
				16B9CB551D71DC84002D5ABA /* SBJsonUTF8Stream.h */,
				16B9CB561D71DC84002D5ABA /* SBJsonUTF8Stream.m */,
				16B9CB571D71DC84002D5ABA /* SBJsonWriter.h */,
				16B9CB581D71DC84002D5ABA /* SBJsonWriter.m */,
			);
			path = json;
			sourceTree = "<group>";
		};
		16B9CB591D71DC84002D5ABA /* ocmapper */ = {
			isa = PBXGroup;
			children = (
				16B9CB5A1D71DC84002D5ABA /* Categories */,
				16B9CB5F1D71DC84002D5ABA /* Instance Provider */,
				16B9CB651D71DC84002D5ABA /* Logging Provider */,
				16B9CB691D71DC84002D5ABA /* Mapping Provider */,
				16B9CB6E1D71DC84002D5ABA /* ObjectMapper.h */,
				16B9CB6F1D71DC84002D5ABA /* ObjectMapper.m */,
				16B9CB701D71DC84002D5ABA /* ObjectMappingInfo.h */,
				16B9CB711D71DC84002D5ABA /* ObjectMappingInfo.m */,
				16B9CB721D71DC84002D5ABA /* OCMapper.h */,
			);
			path = ocmapper;
			sourceTree = "<group>";
		};
		16B9CB5A1D71DC84002D5ABA /* Categories */ = {
			isa = PBXGroup;
			children = (
				16B9CB5B1D71DC84002D5ABA /* NSDictionary+ObjectMapper.h */,
				16B9CB5C1D71DC84002D5ABA /* NSDictionary+ObjectMapper.m */,
				16B9CB5D1D71DC84002D5ABA /* NSObject+ObjectMapper.h */,
				16B9CB5E1D71DC84002D5ABA /* NSObject+ObjectMapper.m */,
			);
			path = Categories;
			sourceTree = "<group>";
		};
		16B9CB5F1D71DC84002D5ABA /* Instance Provider */ = {
			isa = PBXGroup;
			children = (
				16B9CB601D71DC84002D5ABA /* InstanceProvider.h */,
				16B9CB611D71DC84002D5ABA /* ManagedObjectInstanceProvider.h */,
				16B9CB621D71DC84002D5ABA /* ManagedObjectInstanceProvider.m */,
				16B9CB631D71DC84002D5ABA /* ObjectInstanceProvider.h */,
				16B9CB641D71DC84002D5ABA /* ObjectInstanceProvider.m */,
			);
			path = "Instance Provider";
			sourceTree = "<group>";
		};
		16B9CB651D71DC84002D5ABA /* Logging Provider */ = {
			isa = PBXGroup;
			children = (
				16B9CB661D71DC84002D5ABA /* CommonLoggingProvider.h */,
				16B9CB671D71DC84002D5ABA /* CommonLoggingProvider.m */,
				16B9CB681D71DC84002D5ABA /* LoggingProvider.h */,
			);
			path = "Logging Provider";
			sourceTree = "<group>";
		};
		16B9CB691D71DC84002D5ABA /* Mapping Provider */ = {
			isa = PBXGroup;
			children = (
				16B9CB6A1D71DC84002D5ABA /* In Code Mapping */,
				16B9CB6D1D71DC84002D5ABA /* MappingProvider.h */,
			);
			path = "Mapping Provider";
			sourceTree = "<group>";
		};
		16B9CB6A1D71DC84002D5ABA /* In Code Mapping */ = {
			isa = PBXGroup;
			children = (
				16B9CB6B1D71DC84002D5ABA /* InCodeMappingProvider.h */,
				16B9CB6C1D71DC84002D5ABA /* InCodeMappingProvider.m */,
			);
			path = "In Code Mapping";
			sourceTree = "<group>";
		};
		16B9CB871D71DCD3002D5ABA /* Classes */ = {
			isa = PBXGroup;
			children = (
				16B9CB3F1D71DC84002D5ABA /* json */,
				16B9CB591D71DC84002D5ABA /* ocmapper */,
			);
			name = Classes;
			sourceTree = "<group>";
		};
		16B9CB941D71E608002D5ABA /* Models */ = {
			isa = PBXGroup;
			children = (
				16B9CB951D71E625002D5ABA /* ObjectResponse.h */,
				16B9CB961D71E625002D5ABA /* ObjectResponse.m */,
				16B9CB981D71E68C002D5ABA /* Coord.h */,
				16B9CB991D71E68C002D5ABA /* Coord.m */,
				16B9CB9C1D71E6C8002D5ABA /* MainObject.h */,
				16B9CB9D1D71E6C8002D5ABA /* MainObject.m */,
				16B9CB9F1D71F2AD002D5ABA /* Pais.h */,
				16B9CBA01D71F2AD002D5ABA /* Pais.m */,
			);
			name = Models;
			sourceTree = "<group>";
		};
		16F9D5C91D7246A100767FC9 /* Cells */ = {
			isa = PBXGroup;
			children = (
				16F9D5D01D724A3400767FC9 /* cellHome.h */,
				16F9D5D11D724A3400767FC9 /* cellHome.m */,
				16F9D5D21D724A3400767FC9 /* cellHome.xib */,
			);
			name = Cells;
			sourceTree = "<group>";
		};
		1EA8DABFF307E4CB836E9402 /* Frameworks */ = {
			isa = PBXGroup;
			children = (
				B70B14993DB7B45AD9E7A72B /* Pods_ExamenCM.framework */,
			);
			name = Frameworks;
			sourceTree = "<group>";
		};
		C5A96476B4D8C0826AFB10B5 /* Pods */ = {
			isa = PBXGroup;
			children = (
				D6FD2F3575EDD303E4E7AD5F /* Pods-ExamenCM.debug.xcconfig */,
				41612A68BEB900F880B9187D /* Pods-ExamenCM.release.xcconfig */,
			);
			name = Pods;
			sourceTree = "<group>";
		};
/* End PBXGroup section */

/* Begin PBXNativeTarget section */
		16B9CAF91D71C36D002D5ABA /* ExamenCM */ = {
			isa = PBXNativeTarget;
			buildConfigurationList = 16B9CB271D71C36D002D5ABA /* Build configuration list for PBXNativeTarget "ExamenCM" */;
			buildPhases = (
				34B2A06960D466E17834DFBE /* [CP] Check Pods Manifest.lock */,
				16B9CAF61D71C36D002D5ABA /* Sources */,
				16B9CAF71D71C36D002D5ABA /* Frameworks */,
				16B9CAF81D71C36D002D5ABA /* Resources */,
				9B99396EF77DCE415D2B3A76 /* [CP] Embed Pods Frameworks */,
				27D8E887C4BF0C647FAAB4D1 /* [CP] Copy Pods Resources */,
			);
			buildRules = (
			);
			dependencies = (
			);
			name = ExamenCM;
			productName = ExamenCM;
			productReference = 16B9CAFA1D71C36D002D5ABA /* ExamenCM.app */;
			productType = "com.apple.product-type.application";
		};
		16B9CB121D71C36D002D5ABA /* ExamenCMTests */ = {
			isa = PBXNativeTarget;
			buildConfigurationList = 16B9CB2A1D71C36D002D5ABA /* Build configuration list for PBXNativeTarget "ExamenCMTests" */;
			buildPhases = (
				16B9CB0F1D71C36D002D5ABA /* Sources */,
				16B9CB101D71C36D002D5ABA /* Frameworks */,
				16B9CB111D71C36D002D5ABA /* Resources */,
			);
			buildRules = (
			);
			dependencies = (
				16B9CB151D71C36D002D5ABA /* PBXTargetDependency */,
			);
			name = ExamenCMTests;
			productName = ExamenCMTests;
			productReference = 16B9CB131D71C36D002D5ABA /* ExamenCMTests.xctest */;
			productType = "com.apple.product-type.bundle.unit-test";
		};
		16B9CB1D1D71C36D002D5ABA /* ExamenCMUITests */ = {
			isa = PBXNativeTarget;
			buildConfigurationList = 16B9CB2D1D71C36D002D5ABA /* Build configuration list for PBXNativeTarget "ExamenCMUITests" */;
			buildPhases = (
				16B9CB1A1D71C36D002D5ABA /* Sources */,
				16B9CB1B1D71C36D002D5ABA /* Frameworks */,
				16B9CB1C1D71C36D002D5ABA /* Resources */,
			);
			buildRules = (
			);
			dependencies = (
				16B9CB201D71C36D002D5ABA /* PBXTargetDependency */,
			);
			name = ExamenCMUITests;
			productName = ExamenCMUITests;
			productReference = 16B9CB1E1D71C36D002D5ABA /* ExamenCMUITests.xctest */;
			productType = "com.apple.product-type.bundle.ui-testing";
		};
/* End PBXNativeTarget section */

/* Begin PBXProject section */
		16B9CAF21D71C36D002D5ABA /* Project object */ = {
			isa = PBXProject;
			attributes = {
				LastUpgradeCheck = 0730;
				ORGANIZATIONNAME = "Jose Maciel";
				TargetAttributes = {
					16B9CAF91D71C36D002D5ABA = {
						CreatedOnToolsVersion = 7.3.1;
					};
					16B9CB121D71C36D002D5ABA = {
						CreatedOnToolsVersion = 7.3.1;
						TestTargetID = 16B9CAF91D71C36D002D5ABA;
					};
					16B9CB1D1D71C36D002D5ABA = {
						CreatedOnToolsVersion = 7.3.1;
						TestTargetID = 16B9CAF91D71C36D002D5ABA;
					};
				};
			};
			buildConfigurationList = 16B9CAF51D71C36D002D5ABA /* Build configuration list for PBXProject "ExamenCM" */;
			compatibilityVersion = "Xcode 3.2";
			developmentRegion = English;
			hasScannedForEncodings = 0;
			knownRegions = (
				en,
				Base,
			);
			mainGroup = 16B9CAF11D71C36D002D5ABA;
			productRefGroup = 16B9CAFB1D71C36D002D5ABA /* Products */;
			projectDirPath = "";
			projectRoot = "";
			targets = (
				16B9CAF91D71C36D002D5ABA /* ExamenCM */,
				16B9CB121D71C36D002D5ABA /* ExamenCMTests */,
				16B9CB1D1D71C36D002D5ABA /* ExamenCMUITests */,
			);
		};
/* End PBXProject section */

/* Begin PBXResourcesBuildPhase section */
		16B9CAF81D71C36D002D5ABA /* Resources */ = {
			isa = PBXResourcesBuildPhase;
			buildActionMask = 2147483647;
			files = (
				16F9D5EF1D73270700767FC9 /* col.jpg in Resources */,
				16F9D5F11D73270700767FC9 /* zap.jpg in Resources */,
				16FD14241D71FBB300DEC492 /* weathericon.png in Resources */,
				16B9CB0D1D71C36D002D5ABA /* LaunchScreen.storyboard in Resources */,
				16F9D5D41D724A3400767FC9 /* cellHome.xib in Resources */,
				16FD14261D71FD1600DEC492 /* clima.png in Resources */,
				16B9CB0A1D71C36D002D5ABA /* Assets.xcassets in Resources */,
				16B9CB351D71C495002D5ABA /* PodFile in Resources */,
				16B9CB081D71C36D002D5ABA /* Main.storyboard in Resources */,
				16F9D5ED1D73270700767FC9 /* cam.jpg in Resources */,
				16F9D5F01D73270700767FC9 /* pant.jpg in Resources */,
				16B9CB3E1D71CF28002D5ABA /* shop.png in Resources */,
				16F9D5EE1D73270700767FC9 /* cham.jpg in Resources */,
				16B9CB3D1D71CF28002D5ABA /* map.png in Resources */,
			);
			runOnlyForDeploymentPostprocessing = 0;
		};
		16B9CB111D71C36D002D5ABA /* Resources */ = {
			isa = PBXResourcesBuildPhase;
			buildActionMask = 2147483647;
			files = (
			);
			runOnlyForDeploymentPostprocessing = 0;
		};
		16B9CB1C1D71C36D002D5ABA /* Resources */ = {
			isa = PBXResourcesBuildPhase;
			buildActionMask = 2147483647;
			files = (
			);
			runOnlyForDeploymentPostprocessing = 0;
		};
/* End PBXResourcesBuildPhase section */

/* Begin PBXShellScriptBuildPhase section */
		27D8E887C4BF0C647FAAB4D1 /* [CP] Copy Pods Resources */ = {
			isa = PBXShellScriptBuildPhase;
			buildActionMask = 2147483647;
			files = (
			);
			inputPaths = (
			);
			name = "[CP] Copy Pods Resources";
			outputPaths = (
			);
			runOnlyForDeploymentPostprocessing = 0;
			shellPath = /bin/sh;
			shellScript = "\"${SRCROOT}/Pods/Target Support Files/Pods-ExamenCM/Pods-ExamenCM-resources.sh\"\n";
			showEnvVarsInLog = 0;
		};
		34B2A06960D466E17834DFBE /* [CP] Check Pods Manifest.lock */ = {
			isa = PBXShellScriptBuildPhase;
			buildActionMask = 2147483647;
			files = (
			);
			inputPaths = (
			);
			name = "[CP] Check Pods Manifest.lock";
			outputPaths = (
			);
			runOnlyForDeploymentPostprocessing = 0;
			shellPath = /bin/sh;
			shellScript = "diff \"${PODS_ROOT}/../Podfile.lock\" \"${PODS_ROOT}/Manifest.lock\" > /dev/null\nif [[ $? != 0 ]] ; then\n    cat << EOM\nerror: The sandbox is not in sync with the Podfile.lock. Run 'pod install' or update your CocoaPods installation.\nEOM\n    exit 1\nfi\n";
			showEnvVarsInLog = 0;
		};
		9B99396EF77DCE415D2B3A76 /* [CP] Embed Pods Frameworks */ = {
			isa = PBXShellScriptBuildPhase;
			buildActionMask = 2147483647;
			files = (
			);
			inputPaths = (
			);
			name = "[CP] Embed Pods Frameworks";
			outputPaths = (
			);
			runOnlyForDeploymentPostprocessing = 0;
			shellPath = /bin/sh;
			shellScript = "\"${SRCROOT}/Pods/Target Support Files/Pods-ExamenCM/Pods-ExamenCM-frameworks.sh\"\n";
			showEnvVarsInLog = 0;
		};
/* End PBXShellScriptBuildPhase section */

/* Begin PBXSourcesBuildPhase section */
		16B9CAF61D71C36D002D5ABA /* Sources */ = {
			isa = PBXSourcesBuildPhase;
			buildActionMask = 2147483647;
			files = (
				16B9CB9A1D71E68C002D5ABA /* Coord.m in Sources */,
				16B9CB811D71DC85002D5ABA /* ManagedObjectInstanceProvider.m in Sources */,
				16B9CB851D71DC85002D5ABA /* ObjectMapper.m in Sources */,
				16B9CB8A1D71DDFD002D5ABA /* Declarations.m in Sources */,
				16B9CB051D71C36D002D5ABA /* Start.m in Sources */,
				16B9CBA11D71F2AD002D5ABA /* Pais.m in Sources */,
				16B9CB7E1D71DC84002D5ABA /* SBJsonWriter.m in Sources */,
				16B9CB021D71C36D002D5ABA /* AppDelegate.m in Sources */,
				16B9CB7C1D71DC84002D5ABA /* SBJsonTokeniser.m in Sources */,
				16B9CB7F1D71DC84002D5ABA /* NSDictionary+ObjectMapper.m in Sources */,
				16B9CB731D71DC84002D5ABA /* NSObject+SBJson.m in Sources */,
				16B9CB791D71DC84002D5ABA /* SBJsonStreamWriter.m in Sources */,
				16B9CB751D71DC84002D5ABA /* SBJsonStreamParser.m in Sources */,
				16B9CB741D71DC84002D5ABA /* SBJsonParser.m in Sources */,
				16B9CB9E1D71E6C8002D5ABA /* MainObject.m in Sources */,
				16B9CB761D71DC84002D5ABA /* SBJsonStreamParserAccumulator.m in Sources */,
				16B9CB781D71DC84002D5ABA /* SBJsonStreamParserState.m in Sources */,
				16B9CB7A1D71DC84002D5ABA /* SBJsonStreamWriterAccumulator.m in Sources */,
				16B9CB831D71DC85002D5ABA /* CommonLoggingProvider.m in Sources */,
				16F9D5E71D73255C00767FC9 /* ShopDetails.m in Sources */,
				16B9CB971D71E625002D5ABA /* ObjectResponse.m in Sources */,
				16F9D5E41D72508700767FC9 /* MainShop.m in Sources */,
				16B9CB931D71DE3B002D5ABA /* OCMapperConfig.m in Sources */,
				16B9CB901D71DE1A002D5ABA /* Parser.m in Sources */,
				16B9CB7B1D71DC84002D5ABA /* SBJsonStreamWriterState.m in Sources */,
				16B9CB7D1D71DC84002D5ABA /* SBJsonUTF8Stream.m in Sources */,
				16B9CB861D71DC85002D5ABA /* ObjectMappingInfo.m in Sources */,
				16B9CB841D71DC85002D5ABA /* InCodeMappingProvider.m in Sources */,
				16B9CAFF1D71C36D002D5ABA /* main.m in Sources */,
				16B9CB8D1D71DE0C002D5ABA /* WebServices.m in Sources */,
				16B9CB801D71DC84002D5ABA /* NSObject+ObjectMapper.m in Sources */,
				16F9D5D31D724A3400767FC9 /* cellHome.m in Sources */,
				16FD14221D71F93100DEC492 /* Wheather.m in Sources */,
				16B9CB771D71DC84002D5ABA /* SBJsonStreamParserAdapter.m in Sources */,
				16B9CB821D71DC85002D5ABA /* ObjectInstanceProvider.m in Sources */,
			);
			runOnlyForDeploymentPostprocessing = 0;
		};
		16B9CB0F1D71C36D002D5ABA /* Sources */ = {
			isa = PBXSourcesBuildPhase;
			buildActionMask = 2147483647;
			files = (
				16B9CB181D71C36D002D5ABA /* ExamenCMTests.m in Sources */,
			);
			runOnlyForDeploymentPostprocessing = 0;
		};
		16B9CB1A1D71C36D002D5ABA /* Sources */ = {
			isa = PBXSourcesBuildPhase;
			buildActionMask = 2147483647;
			files = (
				16B9CB231D71C36D002D5ABA /* ExamenCMUITests.m in Sources */,
			);
			runOnlyForDeploymentPostprocessing = 0;
		};
/* End PBXSourcesBuildPhase section */

/* Begin PBXTargetDependency section */
		16B9CB151D71C36D002D5ABA /* PBXTargetDependency */ = {
			isa = PBXTargetDependency;
			target = 16B9CAF91D71C36D002D5ABA /* ExamenCM */;
			targetProxy = 16B9CB141D71C36D002D5ABA /* PBXContainerItemProxy */;
		};
		16B9CB201D71C36D002D5ABA /* PBXTargetDependency */ = {
			isa = PBXTargetDependency;
			target = 16B9CAF91D71C36D002D5ABA /* ExamenCM */;
			targetProxy = 16B9CB1F1D71C36D002D5ABA /* PBXContainerItemProxy */;
		};
/* End PBXTargetDependency section */

/* Begin PBXVariantGroup section */
		16B9CB061D71C36D002D5ABA /* Main.storyboard */ = {
			isa = PBXVariantGroup;
			children = (
				16B9CB071D71C36D002D5ABA /* Base */,
			);
			name = Main.storyboard;
			sourceTree = "<group>";
		};
		16B9CB0B1D71C36D002D5ABA /* LaunchScreen.storyboard */ = {
			isa = PBXVariantGroup;
			children = (
				16B9CB0C1D71C36D002D5ABA /* Base */,
			);
			name = LaunchScreen.storyboard;
			sourceTree = "<group>";
		};
/* End PBXVariantGroup section */

/* Begin XCBuildConfiguration section */
		16B9CB251D71C36D002D5ABA /* Debug */ = {
			isa = XCBuildConfiguration;
			buildSettings = {
				ALWAYS_SEARCH_USER_PATHS = NO;
				CLANG_ANALYZER_NONNULL = YES;
				CLANG_CXX_LANGUAGE_STANDARD = "gnu++0x";
				CLANG_CXX_LIBRARY = "libc++";
				CLANG_ENABLE_MODULES = YES;
				CLANG_ENABLE_OBJC_ARC = YES;
				CLANG_WARN_BOOL_CONVERSION = YES;
				CLANG_WARN_CONSTANT_CONVERSION = YES;
				CLANG_WARN_DIRECT_OBJC_ISA_USAGE = YES_ERROR;
				CLANG_WARN_EMPTY_BODY = YES;
				CLANG_WARN_ENUM_CONVERSION = YES;
				CLANG_WARN_INT_CONVERSION = YES;
				CLANG_WARN_OBJC_ROOT_CLASS = YES_ERROR;
				CLANG_WARN_UNREACHABLE_CODE = YES;
				CLANG_WARN__DUPLICATE_METHOD_MATCH = YES;
				"CODE_SIGN_IDENTITY[sdk=iphoneos*]" = "iPhone Developer";
				COPY_PHASE_STRIP = NO;
				DEBUG_INFORMATION_FORMAT = dwarf;
				ENABLE_STRICT_OBJC_MSGSEND = YES;
				ENABLE_TESTABILITY = YES;
				GCC_C_LANGUAGE_STANDARD = gnu99;
				GCC_DYNAMIC_NO_PIC = NO;
				GCC_NO_COMMON_BLOCKS = YES;
				GCC_OPTIMIZATION_LEVEL = 0;
				GCC_PREPROCESSOR_DEFINITIONS = (
					"DEBUG=1",
					"$(inherited)",
				);
				GCC_WARN_64_TO_32_BIT_CONVERSION = YES;
				GCC_WARN_ABOUT_RETURN_TYPE = YES_ERROR;
				GCC_WARN_UNDECLARED_SELECTOR = YES;
				GCC_WARN_UNINITIALIZED_AUTOS = YES_AGGRESSIVE;
				GCC_WARN_UNUSED_FUNCTION = YES;
				GCC_WARN_UNUSED_VARIABLE = YES;
				IPHONEOS_DEPLOYMENT_TARGET = 9.3;
				MTL_ENABLE_DEBUG_INFO = YES;
				ONLY_ACTIVE_ARCH = YES;
				SDKROOT = iphoneos;
				TARGETED_DEVICE_FAMILY = "1,2";
			};
			name = Debug;
		};
		16B9CB261D71C36D002D5ABA /* Release */ = {
			isa = XCBuildConfiguration;
			buildSettings = {
				ALWAYS_SEARCH_USER_PATHS = NO;
				CLANG_ANALYZER_NONNULL = YES;
				CLANG_CXX_LANGUAGE_STANDARD = "gnu++0x";
				CLANG_CXX_LIBRARY = "libc++";
				CLANG_ENABLE_MODULES = YES;
				CLANG_ENABLE_OBJC_ARC = YES;
				CLANG_WARN_BOOL_CONVERSION = YES;
				CLANG_WARN_CONSTANT_CONVERSION = YES;
				CLANG_WARN_DIRECT_OBJC_ISA_USAGE = YES_ERROR;
				CLANG_WARN_EMPTY_BODY = YES;
				CLANG_WARN_ENUM_CONVERSION = YES;
				CLANG_WARN_INT_CONVERSION = YES;
				CLANG_WARN_OBJC_ROOT_CLASS = YES_ERROR;
				CLANG_WARN_UNREACHABLE_CODE = YES;
				CLANG_WARN__DUPLICATE_METHOD_MATCH = YES;
				"CODE_SIGN_IDENTITY[sdk=iphoneos*]" = "iPhone Developer";
				COPY_PHASE_STRIP = NO;
				DEBUG_INFORMATION_FORMAT = "dwarf-with-dsym";
				ENABLE_NS_ASSERTIONS = NO;
				ENABLE_STRICT_OBJC_MSGSEND = YES;
				GCC_C_LANGUAGE_STANDARD = gnu99;
				GCC_NO_COMMON_BLOCKS = YES;
				GCC_WARN_64_TO_32_BIT_CONVERSION = YES;
				GCC_WARN_ABOUT_RETURN_TYPE = YES_ERROR;
				GCC_WARN_UNDECLARED_SELECTOR = YES;
				GCC_WARN_UNINITIALIZED_AUTOS = YES_AGGRESSIVE;
				GCC_WARN_UNUSED_FUNCTION = YES;
				GCC_WARN_UNUSED_VARIABLE = YES;
				IPHONEOS_DEPLOYMENT_TARGET = 9.3;
				MTL_ENABLE_DEBUG_INFO = NO;
				SDKROOT = iphoneos;
				TARGETED_DEVICE_FAMILY = "1,2";
				VALIDATE_PRODUCT = YES;
			};
			name = Release;
		};
		16B9CB281D71C36D002D5ABA /* Debug */ = {
			isa = XCBuildConfiguration;
			baseConfigurationReference = D6FD2F3575EDD303E4E7AD5F /* Pods-ExamenCM.debug.xcconfig */;
			buildSettings = {
				ASSETCATALOG_COMPILER_APPICON_NAME = AppIcon;
				INFOPLIST_FILE = ExamenCM/Info.plist;
				LD_RUNPATH_SEARCH_PATHS = "$(inherited) @executable_path/Frameworks";
				PRODUCT_BUNDLE_IDENTIFIER = com.examen.ExamenCM;
				PRODUCT_NAME = "$(TARGET_NAME)";
			};
			name = Debug;
		};
		16B9CB291D71C36D002D5ABA /* Release */ = {
			isa = XCBuildConfiguration;
			baseConfigurationReference = 41612A68BEB900F880B9187D /* Pods-ExamenCM.release.xcconfig */;
			buildSettings = {
				ASSETCATALOG_COMPILER_APPICON_NAME = AppIcon;
				INFOPLIST_FILE = ExamenCM/Info.plist;
				LD_RUNPATH_SEARCH_PATHS = "$(inherited) @executable_path/Frameworks";
				PRODUCT_BUNDLE_IDENTIFIER = com.examen.ExamenCM;
				PRODUCT_NAME = "$(TARGET_NAME)";
			};
			name = Release;
		};
		16B9CB2B1D71C36D002D5ABA /* Debug */ = {
			isa = XCBuildConfiguration;
			buildSettings = {
				BUNDLE_LOADER = "$(TEST_HOST)";
				INFOPLIST_FILE = ExamenCMTests/Info.plist;
				LD_RUNPATH_SEARCH_PATHS = "$(inherited) @executable_path/Frameworks @loader_path/Frameworks";
				PRODUCT_BUNDLE_IDENTIFIER = com.examen.ExamenCMTests;
				PRODUCT_NAME = "$(TARGET_NAME)";
				TEST_HOST = "$(BUILT_PRODUCTS_DIR)/ExamenCM.app/ExamenCM";
			};
			name = Debug;
		};
		16B9CB2C1D71C36D002D5ABA /* Release */ = {
			isa = XCBuildConfiguration;
			buildSettings = {
				BUNDLE_LOADER = "$(TEST_HOST)";
				INFOPLIST_FILE = ExamenCMTests/Info.plist;
				LD_RUNPATH_SEARCH_PATHS = "$(inherited) @executable_path/Frameworks @loader_path/Frameworks";
				PRODUCT_BUNDLE_IDENTIFIER = com.examen.ExamenCMTests;
				PRODUCT_NAME = "$(TARGET_NAME)";
				TEST_HOST = "$(BUILT_PRODUCTS_DIR)/ExamenCM.app/ExamenCM";
			};
			name = Release;
		};
		16B9CB2E1D71C36D002D5ABA /* Debug */ = {
			isa = XCBuildConfiguration;
			buildSettings = {
				INFOPLIST_FILE = ExamenCMUITests/Info.plist;
				LD_RUNPATH_SEARCH_PATHS = "$(inherited) @executable_path/Frameworks @loader_path/Frameworks";
				PRODUCT_BUNDLE_IDENTIFIER = com.examen.ExamenCMUITests;
				PRODUCT_NAME = "$(TARGET_NAME)";
				TEST_TARGET_NAME = ExamenCM;
			};
			name = Debug;
		};
		16B9CB2F1D71C36D002D5ABA /* Release */ = {
			isa = XCBuildConfiguration;
			buildSettings = {
				INFOPLIST_FILE = ExamenCMUITests/Info.plist;
				LD_RUNPATH_SEARCH_PATHS = "$(inherited) @executable_path/Frameworks @loader_path/Frameworks";
				PRODUCT_BUNDLE_IDENTIFIER = com.examen.ExamenCMUITests;
				PRODUCT_NAME = "$(TARGET_NAME)";
				TEST_TARGET_NAME = ExamenCM;
			};
			name = Release;
		};
/* End XCBuildConfiguration section */

/* Begin XCConfigurationList section */
		16B9CAF51D71C36D002D5ABA /* Build configuration list for PBXProject "ExamenCM" */ = {
			isa = XCConfigurationList;
			buildConfigurations = (
				16B9CB251D71C36D002D5ABA /* Debug */,
				16B9CB261D71C36D002D5ABA /* Release */,
			);
			defaultConfigurationIsVisible = 0;
			defaultConfigurationName = Release;
		};
		16B9CB271D71C36D002D5ABA /* Build configuration list for PBXNativeTarget "ExamenCM" */ = {
			isa = XCConfigurationList;
			buildConfigurations = (
				16B9CB281D71C36D002D5ABA /* Debug */,
				16B9CB291D71C36D002D5ABA /* Release */,
			);
			defaultConfigurationIsVisible = 0;
			defaultConfigurationName = Release;
		};
		16B9CB2A1D71C36D002D5ABA /* Build configuration list for PBXNativeTarget "ExamenCMTests" */ = {
			isa = XCConfigurationList;
			buildConfigurations = (
				16B9CB2B1D71C36D002D5ABA /* Debug */,
				16B9CB2C1D71C36D002D5ABA /* Release */,
			);
			defaultConfigurationIsVisible = 0;
			defaultConfigurationName = Release;
		};
		16B9CB2D1D71C36D002D5ABA /* Build configuration list for PBXNativeTarget "ExamenCMUITests" */ = {
			isa = XCConfigurationList;
			buildConfigurations = (
				16B9CB2E1D71C36D002D5ABA /* Debug */,
				16B9CB2F1D71C36D002D5ABA /* Release */,
			);
			defaultConfigurationIsVisible = 0;
			defaultConfigurationName = Release;
		};
/* End XCConfigurationList section */
	};
	rootObject = 16B9CAF21D71C36D002D5ABA /* Project object */;
}
